github.com/go-faster/errors v0.7.1 h1:MkJTnDoEdi9pDabt1dpWf7AA8/BaSYZqibYyhZ20AYg=
github.com/go-faster/errors v0.7.1/go.mod h1:5ySTjWFiphBs07IKuiL69nxdfd5+fzh1u7FPGZP2quo=
github.com/jamesruan/sodium v1.0.14 h1:JfOHobip/lUWouxHV3PwYwu3gsLewPrDrZXO3HuBzUU=
github.com/jamesruan/sodium v1.0.14/go.mod h1:GK2+LACf7kuVQ9k7Irk0MB2B65j5rVqkz+9ylGIggZk=
